
Microsoft Visual Studio Solution File, Format Version 12.00
# Visual Studio Version 17
VisualStudioVersion = 17.14.36401.2 d17.14
MinimumVisualStudioVersion = 10.0.40219.1
Project("{FAE04EC0-301F-11D3-BF4B-00C04F79EFBC}") = "21.For", "21.For\21.For.csproj", "{FF4AB3E2-7B97-430C-A36F-CD23D8EB3D8D}"
EndProject
Global
	GlobalSection(SolutionConfigurationPlatforms) = preSolution
		Debug|Any CPU = Debug|Any CPU
		Release|Any CPU = Release|Any CPU
	EndGlobalSection
	GlobalSection(ProjectConfigurationPlatforms) = postSolution
		{FF4AB3E2-7B97-430C-A36F-CD23D8EB3D8D}.Debug|Any CPU.ActiveCfg = Debug|Any CPU
		{FF4AB3E2-7B97-430C-A36F-CD23D8EB3D8D}.Debug|Any CPU.Build.0 = Debug|Any CPU
		{FF4AB3E2-7B97-430C-A36F-CD23D8EB3D8D}.Release|Any CPU.ActiveCfg = Release|Any CPU
		{FF4AB3E2-7B97-430C-A36F-CD23D8EB3D8D}.Release|Any CPU.Build.0 = Release|Any CPU
	EndGlobalSection
	GlobalSection(SolutionProperties) = preSolution
		HideSolutionNode = FALSE
	EndGlobalSection
	GlobalSection(ExtensibilityGlobals) = postSolution
		SolutionGuid = {152DC533-B6F7-4435-8344-B6A1E1A0737A}
	EndGlobalSection
EndGlobal
