
Microsoft Visual Studio Solution File, Format Version 12.00
# Visual Studio Version 17
VisualStudioVersion = 17.14.36401.2 d17.14
MinimumVisualStudioVersion = 10.0.40219.1
Project("{FAE04EC0-301F-11D3-BF4B-00C04F79EFBC}") = "22.Vectores", "22.Vectores\22.Vectores.csproj", "{128BD6F8-9BDE-4051-9BC9-53B3A2BF11BD}"
EndProject
Global
	GlobalSection(SolutionConfigurationPlatforms) = preSolution
		Debug|Any CPU = Debug|Any CPU
		Release|Any CPU = Release|Any CPU
	EndGlobalSection
	GlobalSection(ProjectConfigurationPlatforms) = postSolution
		{128BD6F8-9BDE-4051-9BC9-53B3A2BF11BD}.Debug|Any CPU.ActiveCfg = Debug|Any CPU
		{128BD6F8-9BDE-4051-9BC9-53B3A2BF11BD}.Debug|Any CPU.Build.0 = Debug|Any CPU
		{128BD6F8-9BDE-4051-9BC9-53B3A2BF11BD}.Release|Any CPU.ActiveCfg = Release|Any CPU
		{128BD6F8-9BDE-4051-9BC9-53B3A2BF11BD}.Release|Any CPU.Build.0 = Release|Any CPU
	EndGlobalSection
	GlobalSection(SolutionProperties) = preSolution
		HideSolutionNode = FALSE
	EndGlobalSection
	GlobalSection(ExtensibilityGlobals) = postSolution
		SolutionGuid = {2F9709E8-FA08-4566-9A08-936273445043}
	EndGlobalSection
EndGlobal
