
Microsoft Visual Studio Solution File, Format Version 12.00
# Visual Studio Version 17
VisualStudioVersion = 17.14.36401.2 d17.14
MinimumVisualStudioVersion = 10.0.40219.1
Project("{FAE04EC0-301F-11D3-BF4B-00C04F79EFBC}") = "27.Matrices3", "27.Matrices3\27.Matrices3.csproj", "{EC2C8E9E-5CFA-432B-A85E-1E7429D92171}"
EndProject
Global
	GlobalSection(SolutionConfigurationPlatforms) = preSolution
		Debug|Any CPU = Debug|Any CPU
		Release|Any CPU = Release|Any CPU
	EndGlobalSection
	GlobalSection(ProjectConfigurationPlatforms) = postSolution
		{EC2C8E9E-5CFA-432B-A85E-1E7429D92171}.Debug|Any CPU.ActiveCfg = Debug|Any CPU
		{EC2C8E9E-5CFA-432B-A85E-1E7429D92171}.Debug|Any CPU.Build.0 = Debug|Any CPU
		{EC2C8E9E-5CFA-432B-A85E-1E7429D92171}.Release|Any CPU.ActiveCfg = Release|Any CPU
		{EC2C8E9E-5CFA-432B-A85E-1E7429D92171}.Release|Any CPU.Build.0 = Release|Any CPU
	EndGlobalSection
	GlobalSection(SolutionProperties) = preSolution
		HideSolutionNode = FALSE
	EndGlobalSection
	GlobalSection(ExtensibilityGlobals) = postSolution
		SolutionGuid = {37783867-4647-419B-88BE-BC5E85639EE3}
	EndGlobalSection
EndGlobal
