
Microsoft Visual Studio Solution File, Format Version 12.00
# Visual Studio Version 17
VisualStudioVersion = 17.14.36401.2 d17.14
MinimumVisualStudioVersion = 10.0.40219.1
Project("{FAE04EC0-301F-11D3-BF4B-00C04F79EFBC}") = "ParcialMatrices", "ParcialMatrices\ParcialMatrices.csproj", "{01B0C2B8-BCF7-4B1C-8211-923147903378}"
EndProject
Global
	GlobalSection(SolutionConfigurationPlatforms) = preSolution
		Debug|Any CPU = Debug|Any CPU
		Release|Any CPU = Release|Any CPU
	EndGlobalSection
	GlobalSection(ProjectConfigurationPlatforms) = postSolution
		{01B0C2B8-BCF7-4B1C-8211-923147903378}.Debug|Any CPU.ActiveCfg = Debug|Any CPU
		{01B0C2B8-BCF7-4B1C-8211-923147903378}.Debug|Any CPU.Build.0 = Debug|Any CPU
		{01B0C2B8-BCF7-4B1C-8211-923147903378}.Release|Any CPU.ActiveCfg = Release|Any CPU
		{01B0C2B8-BCF7-4B1C-8211-923147903378}.Release|Any CPU.Build.0 = Release|Any CPU
	EndGlobalSection
	GlobalSection(SolutionProperties) = preSolution
		HideSolutionNode = FALSE
	EndGlobalSection
	GlobalSection(ExtensibilityGlobals) = postSolution
		SolutionGuid = {BF2ABDFC-6E73-4CE6-A3C5-383CCC4678F2}
	EndGlobalSection
EndGlobal
