
Microsoft Visual Studio Solution File, Format Version 12.00
# Visual Studio Version 17
VisualStudioVersion = 17.14.36401.2 d17.14
MinimumVisualStudioVersion = 10.0.40219.1
Project("{FAE04EC0-301F-11D3-BF4B-00C04F79EFBC}") = "TallerCiclos", "TallerCiclos\TallerCiclos.csproj", "{3F3F0837-A313-426F-AA22-2D14A9119114}"
EndProject
Global
	GlobalSection(SolutionConfigurationPlatforms) = preSolution
		Debug|Any CPU = Debug|Any CPU
		Release|Any CPU = Release|Any CPU
	EndGlobalSection
	GlobalSection(ProjectConfigurationPlatforms) = postSolution
		{3F3F0837-A313-426F-AA22-2D14A9119114}.Debug|Any CPU.ActiveCfg = Debug|Any CPU
		{3F3F0837-A313-426F-AA22-2D14A9119114}.Debug|Any CPU.Build.0 = Debug|Any CPU
		{3F3F0837-A313-426F-AA22-2D14A9119114}.Release|Any CPU.ActiveCfg = Release|Any CPU
		{3F3F0837-A313-426F-AA22-2D14A9119114}.Release|Any CPU.Build.0 = Release|Any CPU
	EndGlobalSection
	GlobalSection(SolutionProperties) = preSolution
		HideSolutionNode = FALSE
	EndGlobalSection
	GlobalSection(ExtensibilityGlobals) = postSolution
		SolutionGuid = {191C05E9-2F78-4471-8FA5-7E1F0F0682D0}
	EndGlobalSection
EndGlobal
