
Microsoft Visual Studio Solution File, Format Version 12.00
# Visual Studio Version 17
VisualStudioVersion = 17.14.36401.2 d17.14
MinimumVisualStudioVersion = 10.0.40219.1
Project("{FAE04EC0-301F-11D3-BF4B-00C04F79EFBC}") = "6.Condicional Multiple Terciario", "6.Condicional Multiple Terciario\6.Condicional Multiple Terciario.csproj", "{456DE879-1885-4FE1-94F1-38141D2B5211}"
EndProject
Global
	GlobalSection(SolutionConfigurationPlatforms) = preSolution
		Debug|Any CPU = Debug|Any CPU
		Release|Any CPU = Release|Any CPU
	EndGlobalSection
	GlobalSection(ProjectConfigurationPlatforms) = postSolution
		{456DE879-1885-4FE1-94F1-38141D2B5211}.Debug|Any CPU.ActiveCfg = Debug|Any CPU
		{456DE879-1885-4FE1-94F1-38141D2B5211}.Debug|Any CPU.Build.0 = Debug|Any CPU
		{456DE879-1885-4FE1-94F1-38141D2B5211}.Release|Any CPU.ActiveCfg = Release|Any CPU
		{456DE879-1885-4FE1-94F1-38141D2B5211}.Release|Any CPU.Build.0 = Release|Any CPU
	EndGlobalSection
	GlobalSection(SolutionProperties) = preSolution
		HideSolutionNode = FALSE
	EndGlobalSection
	GlobalSection(ExtensibilityGlobals) = postSolution
		SolutionGuid = {E92802FB-7F2D-4D9D-8E40-08972B518E97}
	EndGlobalSection
EndGlobal
